// !$*UTF8*$!
{
	archiveVersion = 1;
	classes = {
	};
	objectVersion = 46;
	objects = {

/* Begin PBXBuildFile section */
		3B772B1B1E6076AD00CC135E /* AppDelegate.swift in Sources */ = {isa = PBXBuildFile; fileRef = 3B772B1A1E6076AD00CC135E /* AppDelegate.swift */; };
		3B772B1D1E6076AD00CC135E /* ViewController.swift in Sources */ = {isa = PBXBuildFile; fileRef = 3B772B1C1E6076AD00CC135E /* ViewController.swift */; };
		3B772B201E6076AD00CC135E /* Main.storyboard in Resources */ = {isa = PBXBuildFile; fileRef = 3B772B1E1E6076AD00CC135E /* Main.storyboard */; };
		3B772B221E6076AD00CC135E /* Assets.xcassets in Resources */ = {isa = PBXBuildFile; fileRef = 3B772B211E6076AD00CC135E /* Assets.xcassets */; };
		3B772B251E6076AD00CC135E /* LaunchScreen.storyboard in Resources */ = {isa = PBXBuildFile; fileRef = 3B772B231E6076AD00CC135E /* LaunchScreen.storyboard */; };
/* End PBXBuildFile section */

/* Begin PBXFileReference section */
		3B772B171E6076AD00CC135E /* Procastinative.app */ = {isa = PBXFileReference; explicitFileType = wrapper.application; includeInIndex = 0; path = Procastinative.app; sourceTree = BUILT_PRODUCTS_DIR; };
		3B772B1A1E6076AD00CC135E /* AppDelegate.swift */ = {isa = PBXFileReference; lastKnownFileType = sourcecode.swift; path = AppDelegate.swift; sourceTree = "<group>"; };
		3B772B1C1E6076AD00CC135E /* ViewController.swift */ = {isa = PBXFileReference; lastKnownFileType = sourcecode.swift; path = ViewController.swift; sourceTree = "<group>"; };
		3B772B1F1E6076AD00CC135E /* Base */ = {isa = PBXFileReference; lastKnownFileType = file.storyboard; name = Base; path = Base.lproj/Main.storyboard; sourceTree = "<group>"; };
		3B772B211E6076AD00CC135E /* Assets.xcassets */ = {isa = PBXFileReference; lastKnownFileType = folder.assetcatalog; path = Assets.xcassets; sourceTree = "<group>"; };
		3B772B241E6076AD00CC135E /* Base */ = {isa = PBXFileReference; lastKnownFileType = file.storyboard; name = Base; path = Base.lproj/LaunchScreen.storyboard; sourceTree = "<group>"; };
		3B772B261E6076AD00CC135E /* Info.plist */ = {isa = PBXFileReference; lastKnownFileType = text.plist.xml; path = Info.plist; sourceTree = "<group>"; };
/* End PBXFileReference section */

/* Begin PBXFrameworksBuildPhase section */
		3B772B141E6076AD00CC135E /* Frameworks */ = {
			isa = PBXFrameworksBuildPhase;
			buildActionMask = 2147483647;
			files = (
			);
			runOnlyForDeploymentPostprocessing = 0;
		};
/* End PBXFrameworksBuildPhase section */

/* Begin PBXGroup section */
		3B772B0E1E6076AD00CC135E = {
			isa = PBXGroup;
			children = (
				3B772B191E6076AD00CC135E /* Procastinative */,
				3B772B181E6076AD00CC135E /* Products */,
			);
			sourceTree = "<group>";
		};
		3B772B181E6076AD00CC135E /* Products */ = {
			isa = PBXGroup;
			children = (
				3B772B171E6076AD00CC135E /* Procastinative.app */,
			);
			name = Products;
			sourceTree = "<group>";
		};
		3B772B191E6076AD00CC135E /* Procastinative */ = {
			isa = PBXGroup;
			children = (
				3B772B1A1E6076AD00CC135E /* AppDelegate.swift */,
				3B772B1C1E6076AD00CC135E /* ViewController.swift */,
				3B772B1E1E6076AD00CC135E /* Main.storyboard */,
				3B772B211E6076AD00CC135E /* Assets.xcassets */,
				3B772B231E6076AD00CC135E /* LaunchScreen.storyboard */,
				3B772B261E6076AD00CC135E /* Info.plist */,
			);
			path = Procastinative;
			sourceTree = "<group>";
		};
/* End PBXGroup section */

/* Begin PBXNativeTarget section */
		3B772B161E6076AD00CC135E /* Procastinative */ = {
			isa = PBXNativeTarget;
			buildConfigurationList = 3B772B291E6076AD00CC135E /* Build configuration list for PBXNativeTarget "Procastinative" */;
			buildPhases = (
				3B772B131E6076AD00CC135E /* Sources */,
				3B772B141E6076AD00CC135E /* Frameworks */,
				3B772B151E6076AD00CC135E /* Resources */,
			);
			buildRules = (
			);
			dependencies = (
			);
			name = Procastinative;
			productName = Procastinative;
			productReference = 3B772B171E6076AD00CC135E /* Procastinative.app */;
			productType = "com.apple.product-type.application";
		};
/* End PBXNativeTarget section */

/* Begin PBXProject section */
		3B772B0F1E6076AD00CC135E /* Project object */ = {
			isa = PBXProject;
			attributes = {
				LastSwiftUpdateCheck = 0820;
				LastUpgradeCheck = 0820;
				ORGANIZATIONNAME = Olmaditekrar;
				TargetAttributes = {
					3B772B161E6076AD00CC135E = {
						CreatedOnToolsVersion = 8.2.1;
						DevelopmentTeam = SJYB86L23S;
						ProvisioningStyle = Automatic;
					};
				};
			};
			buildConfigurationList = 3B772B121E6076AD00CC135E /* Build configuration list for PBXProject "Procastinative" */;
			compatibilityVersion = "Xcode 3.2";
			developmentRegion = English;
			hasScannedForEncodings = 0;
			knownRegions = (
				en,
				Base,
			);
			mainGroup = 3B772B0E1E6076AD00CC135E;
			productRefGroup = 3B772B181E6076AD00CC135E /* Products */;
			projectDirPath = "";
			projectRoot = "";
			targets = (
				3B772B161E6076AD00CC135E /* Procastinative */,
			);
		};
/* End PBXProject section */

/* Begin PBXResourcesBuildPhase section */
		3B772B151E6076AD00CC135E /* Resources */ = {
			isa = PBXResourcesBuildPhase;
			buildActionMask = 2147483647;
			files = (
				3B772B251E6076AD00CC135E /* LaunchScreen.storyboard in Resources */,
				3B772B221E6076AD00CC135E /* Assets.xcassets in Resources */,
				3B772B201E6076AD00CC135E /* Main.storyboard in Resources */,
			);
			runOnlyForDeploymentPostprocessing = 0;
		};
/* End PBXResourcesBuildPhase section */

/* Begin PBXSourcesBuildPhase section */
		3B772B131E6076AD00CC135E /* Sources */ = {
			isa = PBXSourcesBuildPhase;
			buildActionMask = 2147483647;
			files = (
				3B772B1D1E6076AD00CC135E /* ViewController.swift in Sources */,
				3B772B1B1E6076AD00CC135E /* AppDelegate.swift in Sources */,
			);
			runOnlyForDeploymentPostprocessing = 0;
		};
/* End PBXSourcesBuildPhase section */

/* Begin PBXVariantGroup section */
		3B772B1E1E6076AD00CC135E /* Main.storyboard */ = {
			isa = PBXVariantGroup;
			children = (
				3B772B1F1E6076AD00CC135E /* Base */,
			);
			name = Main.storyboard;
			sourceTree = "<group>";
		};
		3B772B231E6076AD00CC135E /* LaunchScreen.storyboard */ = {
			isa = PBXVariantGroup;
			children = (
				3B772B241E6076AD00CC135E /* Base */,
			);
			name = LaunchScreen.storyboard;
			sourceTree = "<group>";
		};
/* End PBXVariantGroup section */

/* Begin XCBuildConfiguration section */
		3B772B271E6076AD00CC135E /* Debug */ = {
			isa = XCBuildConfiguration;
			buildSettings = {
				ALWAYS_SEARCH_USER_PATHS = NO;
				CLANG_ANALYZER_NONNULL = YES;
				CLANG_CXX_LANGUAGE_STANDARD = "gnu++0x";
				CLANG_CXX_LIBRARY = "libc++";
				CLANG_ENABLE_MODULES = YES;
				CLANG_ENABLE_OBJC_ARC = YES;
				CLANG_WARN_BOOL_CONVERSION = YES;
				CLANG_WARN_CONSTANT_CONVERSION = YES;
				CLANG_WARN_DIRECT_OBJC_ISA_USAGE = YES_ERROR;
				CLANG_WARN_DOCUMENTATION_COMMENTS = YES;
				CLANG_WARN_EMPTY_BODY = YES;
				CLANG_WARN_ENUM_CONVERSION = YES;
				CLANG_WARN_INFINITE_RECURSION = YES;
				CLANG_WARN_INT_CONVERSION = YES;
				CLANG_WARN_OBJC_ROOT_CLASS = YES_ERROR;
				CLANG_WARN_SUSPICIOUS_MOVE = YES;
				CLANG_WARN_UNREACHABLE_CODE = YES;
				CLANG_WARN__DUPLICATE_METHOD_MATCH = YES;
				"CODE_SIGN_IDENTITY[sdk=iphoneos*]" = "iPhone Developer";
				COPY_PHASE_STRIP = NO;
				DEBUG_INFORMATION_FORMAT = dwarf;
				ENABLE_STRICT_OBJC_MSGSEND = YES;
				ENABLE_TESTABILITY = YES;
				GCC_C_LANGUAGE_STANDARD = gnu99;
				GCC_DYNAMIC_NO_PIC = NO;
				GCC_NO_COMMON_BLOCKS = YES;
				GCC_OPTIMIZATION_LEVEL = 0;
				GCC_PREPROCESSOR_DEFINITIONS = (
					"DEBUG=1",
					"$(inherited)",
				);
				GCC_WARN_64_TO_32_BIT_CONVERSION = YES;
				GCC_WARN_ABOUT_RETURN_TYPE = YES_ERROR;
				GCC_WARN_UNDECLARED_SELECTOR = YES;
				GCC_WARN_UNINITIALIZED_AUTOS = YES_AGGRESSIVE;
				GCC_WARN_UNUSED_FUNCTION = YES;
				GCC_WARN_UNUSED_VARIABLE = YES;
				IPHONEOS_DEPLOYMENT_TARGET = 10.2;
				MTL_ENABLE_DEBUG_INFO = YES;
				ONLY_ACTIVE_ARCH = YES;
				SDKROOT = iphoneos;
				SWIFT_ACTIVE_COMPILATION_CONDITIONS = DEBUG;
				SWIFT_OPTIMIZATION_LEVEL = "-Onone";
			};
			name = Debug;
		};
		3B772B281E6076AD00CC135E /* Release */ = {
			isa = XCBuildConfiguration;
			buildSettings = {
				ALWAYS_SEARCH_USER_PATHS = NO;
				CLANG_ANALYZER_NONNULL = YES;
				CLANG_CXX_LANGUAGE_STANDARD = "gnu++0x";
				CLANG_CXX_LIBRARY = "libc++";
				CLANG_ENABLE_MODULES = YES;
				CLANG_ENABLE_OBJC_ARC = YES;
				CLANG_WARN_BOOL_CONVERSION = YES;
				CLANG_WARN_CONSTANT_CONVERSION = YES;
				CLANG_WARN_DIRECT_OBJC_ISA_USAGE = YES_ERROR;
				CLANG_WARN_DOCUMENTATION_COMMENTS = YES;
				CLANG_WARN_EMPTY_BODY = YES;
				CLANG_WARN_ENUM_CONVERSION = YES;
				CLANG_WARN_INFINITE_RECURSION = YES;
				CLANG_WARN_INT_CONVERSION = YES;
				CLANG_WARN_OBJC_ROOT_CLASS = YES_ERROR;
				CLANG_WARN_SUSPICIOUS_MOVE = YES;
				CLANG_WARN_UNREACHABLE_CODE = YES;
				CLANG_WARN__DUPLICATE_METHOD_MATCH = YES;
				"CODE_SIGN_IDENTITY[sdk=iphoneos*]" = "iPhone Developer";
				COPY_PHASE_STRIP = NO;
				DEBUG_INFORMATION_FORMAT = "dwarf-with-dsym";
				ENABLE_NS_ASSERTIONS = NO;
				ENABLE_STRICT_OBJC_MSGSEND = YES;
				GCC_C_LANGUAGE_STANDARD = gnu99;
				GCC_NO_COMMON_BLOCKS = YES;
				GCC_WARN_64_TO_32_BIT_CONVERSION = YES;
				GCC_WARN_ABOUT_RETURN_TYPE = YES_ERROR;
				GCC_WARN_UNDECLARED_SELECTOR = YES;
				GCC_WARN_UNINITIALIZED_AUTOS = YES_AGGRESSIVE;
				GCC_WARN_UNUSED_FUNCTION = YES;
				GCC_WARN_UNUSED_VARIABLE = YES;
				IPHONEOS_DEPLOYMENT_TARGET = 10.2;
				MTL_ENABLE_DEBUG_INFO = NO;
				SDKROOT = iphoneos;
				SWIFT_OPTIMIZATION_LEVEL = "-Owholemodule";
				VALIDATE_PRODUCT = YES;
			};
			name = Release;
		};
		3B772B2A1E6076AD00CC135E /* Debug */ = {
			isa = XCBuildConfiguration;
			buildSettings = {
				ASSETCATALOG_COMPILER_APPICON_NAME = AppIcon;
				DEVELOPMENT_TEAM = SJYB86L23S;
				INFOPLIST_FILE = Procastinative/Info.plist;
				LD_RUNPATH_SEARCH_PATHS = "$(inherited) @executable_path/Frameworks";
				PRODUCT_BUNDLE_IDENTIFIER = com.olmaditekrar.Procastinative;
				PRODUCT_NAME = "$(TARGET_NAME)";
				SWIFT_VERSION = 3.0;
			};
			name = Debug;
		};
		3B772B2B1E6076AD00CC135E /* Release */ = {
			isa = XCBuildConfiguration;
			buildSettings = {
				ASSETCATALOG_COMPILER_APPICON_NAME = AppIcon;
				DEVELOPMENT_TEAM = SJYB86L23S;
				INFOPLIST_FILE = Procastinative/Info.plist;
				LD_RUNPATH_SEARCH_PATHS = "$(inherited) @executable_path/Frameworks";
				PRODUCT_BUNDLE_IDENTIFIER = com.olmaditekrar.Procastinative;
				PRODUCT_NAME = "$(TARGET_NAME)";
				SWIFT_VERSION = 3.0;
			};
			name = Release;
		};
/* End XCBuildConfiguration section */

/* Begin XCConfigurationList section */
		3B772B121E6076AD00CC135E /* Build configuration list for PBXProject "Procastinative" */ = {
			isa = XCConfigurationList;
			buildConfigurations = (
				3B772B271E6076AD00CC135E /* Debug */,
				3B772B281E6076AD00CC135E /* Release */,
			);
			defaultConfigurationIsVisible = 0;
			defaultConfigurationName = Release;
		};
		3B772B291E6076AD00CC135E /* Build configuration list for PBXNativeTarget "Procastinative" */ = {
			isa = XCConfigurationList;
			buildConfigurations = (
				3B772B2A1E6076AD00CC135E /* Debug */,
				3B772B2B1E6076AD00CC135E /* Release */,
			);
			defaultConfigurationIsVisible = 0;
		};
/* End XCConfigurationList section */
	};
	rootObject = 3B772B0F1E6076AD00CC135E /* Project object */;
}
